
Microsoft Visual Studio Solution File, Format Version 12.00
# Visual Studio Version 16
VisualStudioVersion = 16.0.29409.12
MinimumVisualStudioVersion = 10.0.40219.1
Project("{9A19103F-16F7-4668-BE54-9A1E7A4F7556}") = "MediatRDemo.Web", "MediatRDemo\MediatRDemo.Web.csproj", "{89320ABC-5999-4063-9383-BBAC4688C691}"
EndProject
Project("{9A19103F-16F7-4668-BE54-9A1E7A4F7556}") = "MediatRDemo.Application", "MediatRDemo.Core\MediatRDemo.Application.csproj", "{9A9BE4CC-9E70-422B-926A-074B4428E306}"
EndProject
Project("{9A19103F-16F7-4668-BE54-9A1E7A4F7556}") = "MediatRDemo.Proposta", "MediatRDemo.Proposta\MediatRDemo.Proposta.csproj", "{58640D97-6133-4F32-B02E-C5DB75AB48F5}"
EndProject
Project("{2150E333-8FDC-42A3-9474-1A3956D46DE8}") = "Core", "Core", "{56D765B9-7D7C-4530-929D-354642F0460E}"
EndProject
Project("{2150E333-8FDC-42A3-9474-1A3956D46DE8}") = "src", "src", "{D517C1F7-B84F-4EBC-8342-1E4D0E4C2CB2}"
EndProject
Project("{2150E333-8FDC-42A3-9474-1A3956D46DE8}") = "Business", "Business", "{CC50D094-F3FC-46F0-B8D5-A973FF3A8FB3}"
EndProject
Project("{2150E333-8FDC-42A3-9474-1A3956D46DE8}") = "UI", "UI", "{46C63F55-E422-466E-83FB-629520862D1C}"
EndProject
Project("{9A19103F-16F7-4668-BE54-9A1E7A4F7556}") = "MediatRDemo.DML", "MediatRDemo.DML\MediatRDemo.DML.csproj", "{853238C5-3D2F-4DFA-8D92-42CDFA377F11}"
EndProject
Project("{9A19103F-16F7-4668-BE54-9A1E7A4F7556}") = "MediatRDemo.Cliente", "MediatRDemo.Cliente\MediatRDemo.Cliente.csproj", "{C6F61CA2-0840-421A-B89B-C7017A20C306}"
EndProject
Project("{9A19103F-16F7-4668-BE54-9A1E7A4F7556}") = "MediatRDemo.Contracts", "MediatRDemo.Interfaces\MediatRDemo.Contracts.csproj", "{56F085A6-E9E1-4279-8BAA-A3F088A73193}"
EndProject
Project("{2150E333-8FDC-42A3-9474-1A3956D46DE8}") = "Infra", "Infra", "{FB30F42C-803B-495B-BDD9-63D250A3EEC9}"
EndProject
Project("{9A19103F-16F7-4668-BE54-9A1E7A4F7556}") = "MediatRDemo.DAL", "MediatRDemo.DAL\MediatRDemo.DAL.csproj", "{BE1931EE-F804-4C81-AB68-A37D0A18D83F}"
EndProject
Project("{2150E333-8FDC-42A3-9474-1A3956D46DE8}") = "Tests", "Tests", "{0EFDEDA4-8F91-44E4-B707-D9A7CD4AA487}"
EndProject
Project("{9A19103F-16F7-4668-BE54-9A1E7A4F7556}") = "MediatRDemo.Application.Tests", "MediatRDemo.Application.Tests\MediatRDemo.Application.Tests.csproj", "{6B6D7161-399E-46FB-B392-776DF1E72106}"
EndProject
Project("{2150E333-8FDC-42A3-9474-1A3956D46DE8}") = "Postman", "Postman", "{0EF50715-55D0-4136-9B0B-FC053FAFD0FC}"
	ProjectSection(SolutionItems) = preProject
		Mediator.postman_collection.json = Mediator.postman_collection.json
	EndProjectSection
EndProject
Global
	GlobalSection(SolutionConfigurationPlatforms) = preSolution
		Debug|Any CPU = Debug|Any CPU
		Release|Any CPU = Release|Any CPU
	EndGlobalSection
	GlobalSection(ProjectConfigurationPlatforms) = postSolution
		{89320ABC-5999-4063-9383-BBAC4688C691}.Debug|Any CPU.ActiveCfg = Debug|Any CPU
		{89320ABC-5999-4063-9383-BBAC4688C691}.Debug|Any CPU.Build.0 = Debug|Any CPU
		{89320ABC-5999-4063-9383-BBAC4688C691}.Release|Any CPU.ActiveCfg = Release|Any CPU
		{89320ABC-5999-4063-9383-BBAC4688C691}.Release|Any CPU.Build.0 = Release|Any CPU
		{9A9BE4CC-9E70-422B-926A-074B4428E306}.Debug|Any CPU.ActiveCfg = Debug|Any CPU
		{9A9BE4CC-9E70-422B-926A-074B4428E306}.Debug|Any CPU.Build.0 = Debug|Any CPU
		{9A9BE4CC-9E70-422B-926A-074B4428E306}.Release|Any CPU.ActiveCfg = Release|Any CPU
		{9A9BE4CC-9E70-422B-926A-074B4428E306}.Release|Any CPU.Build.0 = Release|Any CPU
		{58640D97-6133-4F32-B02E-C5DB75AB48F5}.Debug|Any CPU.ActiveCfg = Debug|Any CPU
		{58640D97-6133-4F32-B02E-C5DB75AB48F5}.Debug|Any CPU.Build.0 = Debug|Any CPU
		{58640D97-6133-4F32-B02E-C5DB75AB48F5}.Release|Any CPU.ActiveCfg = Release|Any CPU
		{58640D97-6133-4F32-B02E-C5DB75AB48F5}.Release|Any CPU.Build.0 = Release|Any CPU
		{853238C5-3D2F-4DFA-8D92-42CDFA377F11}.Debug|Any CPU.ActiveCfg = Debug|Any CPU
		{853238C5-3D2F-4DFA-8D92-42CDFA377F11}.Debug|Any CPU.Build.0 = Debug|Any CPU
		{853238C5-3D2F-4DFA-8D92-42CDFA377F11}.Release|Any CPU.ActiveCfg = Release|Any CPU
		{853238C5-3D2F-4DFA-8D92-42CDFA377F11}.Release|Any CPU.Build.0 = Release|Any CPU
		{C6F61CA2-0840-421A-B89B-C7017A20C306}.Debug|Any CPU.ActiveCfg = Debug|Any CPU
		{C6F61CA2-0840-421A-B89B-C7017A20C306}.Debug|Any CPU.Build.0 = Debug|Any CPU
		{C6F61CA2-0840-421A-B89B-C7017A20C306}.Release|Any CPU.ActiveCfg = Release|Any CPU
		{C6F61CA2-0840-421A-B89B-C7017A20C306}.Release|Any CPU.Build.0 = Release|Any CPU
		{56F085A6-E9E1-4279-8BAA-A3F088A73193}.Debug|Any CPU.ActiveCfg = Debug|Any CPU
		{56F085A6-E9E1-4279-8BAA-A3F088A73193}.Debug|Any CPU.Build.0 = Debug|Any CPU
		{56F085A6-E9E1-4279-8BAA-A3F088A73193}.Release|Any CPU.ActiveCfg = Release|Any CPU
		{56F085A6-E9E1-4279-8BAA-A3F088A73193}.Release|Any CPU.Build.0 = Release|Any CPU
		{BE1931EE-F804-4C81-AB68-A37D0A18D83F}.Debug|Any CPU.ActiveCfg = Debug|Any CPU
		{BE1931EE-F804-4C81-AB68-A37D0A18D83F}.Debug|Any CPU.Build.0 = Debug|Any CPU
		{BE1931EE-F804-4C81-AB68-A37D0A18D83F}.Release|Any CPU.ActiveCfg = Release|Any CPU
		{BE1931EE-F804-4C81-AB68-A37D0A18D83F}.Release|Any CPU.Build.0 = Release|Any CPU
		{6B6D7161-399E-46FB-B392-776DF1E72106}.Debug|Any CPU.ActiveCfg = Debug|Any CPU
		{6B6D7161-399E-46FB-B392-776DF1E72106}.Debug|Any CPU.Build.0 = Debug|Any CPU
		{6B6D7161-399E-46FB-B392-776DF1E72106}.Release|Any CPU.ActiveCfg = Release|Any CPU
		{6B6D7161-399E-46FB-B392-776DF1E72106}.Release|Any CPU.Build.0 = Release|Any CPU
	EndGlobalSection
	GlobalSection(SolutionProperties) = preSolution
		HideSolutionNode = FALSE
	EndGlobalSection
	GlobalSection(NestedProjects) = preSolution
		{89320ABC-5999-4063-9383-BBAC4688C691} = {46C63F55-E422-466E-83FB-629520862D1C}
		{9A9BE4CC-9E70-422B-926A-074B4428E306} = {56D765B9-7D7C-4530-929D-354642F0460E}
		{58640D97-6133-4F32-B02E-C5DB75AB48F5} = {CC50D094-F3FC-46F0-B8D5-A973FF3A8FB3}
		{56D765B9-7D7C-4530-929D-354642F0460E} = {D517C1F7-B84F-4EBC-8342-1E4D0E4C2CB2}
		{CC50D094-F3FC-46F0-B8D5-A973FF3A8FB3} = {D517C1F7-B84F-4EBC-8342-1E4D0E4C2CB2}
		{853238C5-3D2F-4DFA-8D92-42CDFA377F11} = {56D765B9-7D7C-4530-929D-354642F0460E}
		{C6F61CA2-0840-421A-B89B-C7017A20C306} = {CC50D094-F3FC-46F0-B8D5-A973FF3A8FB3}
		{56F085A6-E9E1-4279-8BAA-A3F088A73193} = {56D765B9-7D7C-4530-929D-354642F0460E}
		{FB30F42C-803B-495B-BDD9-63D250A3EEC9} = {D517C1F7-B84F-4EBC-8342-1E4D0E4C2CB2}
		{BE1931EE-F804-4C81-AB68-A37D0A18D83F} = {FB30F42C-803B-495B-BDD9-63D250A3EEC9}
		{6B6D7161-399E-46FB-B392-776DF1E72106} = {0EFDEDA4-8F91-44E4-B707-D9A7CD4AA487}
		{0EF50715-55D0-4136-9B0B-FC053FAFD0FC} = {0EFDEDA4-8F91-44E4-B707-D9A7CD4AA487}
	EndGlobalSection
	GlobalSection(ExtensibilityGlobals) = postSolution
		SolutionGuid = {A44CF018-C6AA-4884-87D3-A853BB4B1266}
	EndGlobalSection
EndGlobal
